
Microsoft Visual Studio Solution File, Format Version 12.00
# Visual Studio Version 17
VisualStudioVersion = 17.5.002.0
MinimumVisualStudioVersion = 10.0.40219.1
<<<<<<< main
Project("{9A19103F-16F7-4668-BE54-9A1E7A4F7556}") = "FlashQuizzz.TEST", "FlashQuizzz.TEST\FlashQuizzz.TEST.csproj", "{F4AF75A2-4B0E-48DE-8C5B-B1D1269152FF}"
EndProject
Project("{9A19103F-16F7-4668-BE54-9A1E7A4F7556}") = "FlashQuizzz.API", "FlashQuizzz.API\FlashQuizzz.API.csproj", "{06B6927C-DA9E-4292-A67C-E0E238765428}"
=======
Project("{9A19103F-16F7-4668-BE54-9A1E7A4F7556}") = "FlashQuizzz.API", "FlashQuizzz.API\FlashQuizzz.API.csproj", "{3C180E2E-1708-4508-A1DD-83B88F4D916F}"
EndProject
Project("{9A19103F-16F7-4668-BE54-9A1E7A4F7556}") = "FlashQuizzz.TEST", "FlashQuizzz.TEST\FlashQuizzz.TEST.csproj", "{76A01F9F-79C2-4CE2-ACA2-F695103DFEFC}"
>>>>>>> local
EndProject
Global
	GlobalSection(SolutionConfigurationPlatforms) = preSolution
		Debug|Any CPU = Debug|Any CPU
		Release|Any CPU = Release|Any CPU
	EndGlobalSection
	GlobalSection(ProjectConfigurationPlatforms) = postSolution
<<<<<<< main
		{F4AF75A2-4B0E-48DE-8C5B-B1D1269152FF}.Debug|Any CPU.ActiveCfg = Debug|Any CPU
		{F4AF75A2-4B0E-48DE-8C5B-B1D1269152FF}.Debug|Any CPU.Build.0 = Debug|Any CPU
		{F4AF75A2-4B0E-48DE-8C5B-B1D1269152FF}.Release|Any CPU.ActiveCfg = Release|Any CPU
		{F4AF75A2-4B0E-48DE-8C5B-B1D1269152FF}.Release|Any CPU.Build.0 = Release|Any CPU
		{06B6927C-DA9E-4292-A67C-E0E238765428}.Debug|Any CPU.ActiveCfg = Debug|Any CPU
		{06B6927C-DA9E-4292-A67C-E0E238765428}.Debug|Any CPU.Build.0 = Debug|Any CPU
		{06B6927C-DA9E-4292-A67C-E0E238765428}.Release|Any CPU.ActiveCfg = Release|Any CPU
		{06B6927C-DA9E-4292-A67C-E0E238765428}.Release|Any CPU.Build.0 = Release|Any CPU
=======
		{3C180E2E-1708-4508-A1DD-83B88F4D916F}.Debug|Any CPU.ActiveCfg = Debug|Any CPU
		{3C180E2E-1708-4508-A1DD-83B88F4D916F}.Debug|Any CPU.Build.0 = Debug|Any CPU
		{3C180E2E-1708-4508-A1DD-83B88F4D916F}.Release|Any CPU.ActiveCfg = Release|Any CPU
		{3C180E2E-1708-4508-A1DD-83B88F4D916F}.Release|Any CPU.Build.0 = Release|Any CPU
		{76A01F9F-79C2-4CE2-ACA2-F695103DFEFC}.Debug|Any CPU.ActiveCfg = Debug|Any CPU
		{76A01F9F-79C2-4CE2-ACA2-F695103DFEFC}.Debug|Any CPU.Build.0 = Debug|Any CPU
		{76A01F9F-79C2-4CE2-ACA2-F695103DFEFC}.Release|Any CPU.ActiveCfg = Release|Any CPU
		{76A01F9F-79C2-4CE2-ACA2-F695103DFEFC}.Release|Any CPU.Build.0 = Release|Any CPU
>>>>>>> local
	EndGlobalSection
	GlobalSection(SolutionProperties) = preSolution
		HideSolutionNode = FALSE
	EndGlobalSection
	GlobalSection(ExtensibilityGlobals) = postSolution
		SolutionGuid = {5B32AFF5-E8E0-43E9-AF41-79B7EB221933}
	EndGlobalSection
EndGlobal
